
Microsoft Visual Studio Solution File, Format Version 12.00
# Visual Studio 2013
VisualStudioVersion = 12.0.21005.1
MinimumVisualStudioVersion = 10.0.40219.1
Project("{FAE04EC0-301F-11D3-BF4B-00C04F79EFBC}") = "carrots", "carrots\carrots.csproj", "{59C44ECF-633F-4670-BAD8-95F74DF0251B}"
EndProject
Project("{FAE04EC0-301F-11D3-BF4B-00C04F79EFBC}") = "aaah", "aaah\aaah.csproj", "{D926334E-6B62-4174-86CA-F613CFD5149D}"
EndProject
Project("{FAE04EC0-301F-11D3-BF4B-00C04F79EFBC}") = "flipfive", "flipfive\flipfive.csproj", "{3AC57ABD-642A-4E66-88A2-F4658884EDF3}"
EndProject
Project("{FAE04EC0-301F-11D3-BF4B-00C04F79EFBC}") = "zigzag", "zigzag\zigzag.csproj", "{444351C2-10E6-407C-9CE3-2B432173EC48}"
EndProject
Project("{FAE04EC0-301F-11D3-BF4B-00C04F79EFBC}") = "hello", "hello\hello.csproj", "{5C8E0CC7-60A2-4F2D-AFC9-8EBD6D2FB981}"
EndProject
Project("{FAE04EC0-301F-11D3-BF4B-00C04F79EFBC}") = "dicegame", "dicegame\dicegame.csproj", "{C367E6E3-7A85-436A-8906-B7BEE55257D5}"
EndProject
Project("{FAE04EC0-301F-11D3-BF4B-00C04F79EFBC}") = "mixedfractions", "mixedfractions\mixedfractions.csproj", "{866BDB2B-4815-4657-9C8C-62F92343D55C}"
EndProject
Project("{FAE04EC0-301F-11D3-BF4B-00C04F79EFBC}") = "reversebinary", "reversebinary\reversebinary.csproj", "{B028B778-6BF7-4CC4-AB56-5750E8542840}"
EndProject
Project("{FAE04EC0-301F-11D3-BF4B-00C04F79EFBC}") = "pet", "pet\pet.csproj", "{B9CAB1D4-13B9-4E88-9C84-466B78F31EDE}"
EndProject
Project("{FAE04EC0-301F-11D3-BF4B-00C04F79EFBC}") = "ladder", "ladder\ladder.csproj", "{3956FFB1-0C10-4FEF-92CF-1D314966D257}"
EndProject
Project("{FAE04EC0-301F-11D3-BF4B-00C04F79EFBC}") = "different", "different\different.csproj", "{5B2E3EDD-BFB0-4F9A-BD2D-37CADBA73DD6}"
EndProject
Project("{FAE04EC0-301F-11D3-BF4B-00C04F79EFBC}") = "kemija08", "kemija08\kemija08.csproj", "{3E148318-ADBB-487E-839F-D124FBEADEFB}"
EndProject
Project("{FAE04EC0-301F-11D3-BF4B-00C04F79EFBC}") = "easiest", "easiest\easiest.csproj", "{65BD06B5-2207-4213-B8F6-10B668261A05}"
EndProject
Project("{FAE04EC0-301F-11D3-BF4B-00C04F79EFBC}") = "billiard", "billiard\billiard.csproj", "{FF26B32E-0EF8-4DEC-A765-AAD8026BFAC2}"
EndProject
Project("{FAE04EC0-301F-11D3-BF4B-00C04F79EFBC}") = "trainpassengers", "trainpassengers\trainpassengers.csproj", "{0539A162-1310-488D-A69D-BA051B950CDA}"
EndProject
Project("{FAE04EC0-301F-11D3-BF4B-00C04F79EFBC}") = "busnumbers", "busnumbers\busnumbers.csproj", "{25615D96-C6B7-415C-8EDA-AFDB5AF2A2D9}"
EndProject
Project("{FAE04EC0-301F-11D3-BF4B-00C04F79EFBC}") = "engineeringenglish", "engineeringenglish\engineeringenglish.csproj", "{A448589F-C496-42E6-BEF0-01F5B5E51ED2}"
EndProject
Project("{FAE04EC0-301F-11D3-BF4B-00C04F79EFBC}") = "oddmanout", "oddmanout\oddmanout.csproj", "{1116B33D-5466-4F57-BF1B-467EB60B65B5}"
EndProject
Project("{FAE04EC0-301F-11D3-BF4B-00C04F79EFBC}") = "stringmatching", "stringmatching\stringmatching.csproj", "{E38EA8FB-18E3-4673-B857-EBEC89B23D66}"
EndProject
Project("{FAE04EC0-301F-11D3-BF4B-00C04F79EFBC}") = "plantingtrees", "plantingtrees\plantingtrees.csproj", "{7236271F-E3B5-4D39-9FEB-0A5C382206D7}"
EndProject
Project("{FAE04EC0-301F-11D3-BF4B-00C04F79EFBC}") = "numbertree", "numbertree\numbertree.csproj", "{8C68DD1A-A842-4C3D-8E25-7136A89A9E52}"
EndProject
Project("{FAE04EC0-301F-11D3-BF4B-00C04F79EFBC}") = "doorman", "doorman\doorman.csproj", "{6C338EEA-AEEC-4BA5-A5C8-C5DBF993E68F}"
EndProject
Project("{FAE04EC0-301F-11D3-BF4B-00C04F79EFBC}") = "erase", "erase\erase.csproj", "{22C872C0-DE77-4DFB-8B91-D36101D63522}"
EndProject
Project("{FAE04EC0-301F-11D3-BF4B-00C04F79EFBC}") = "timebomb", "timebomb\timebomb.csproj", "{834A2649-680C-448E-A19A-BDB35AE0775E}"
EndProject
Project("{FAE04EC0-301F-11D3-BF4B-00C04F79EFBC}") = "catenyms", "catenyms\catenyms.csproj", "{3821326D-B018-4B34-8DA7-02299F68284D}"
EndProject
Project("{FAE04EC0-301F-11D3-BF4B-00C04F79EFBC}") = "judging", "judging\judging.csproj", "{007562C6-F58B-4FD9-A93F-577EDE5A93DF}"
EndProject
Project("{FAE04EC0-301F-11D3-BF4B-00C04F79EFBC}") = "anothercandies", "anothercandies\anothercandies.csproj", "{C912E1AC-B233-4219-AAAC-3C3BC8E2B28E}"
EndProject
Global
	GlobalSection(SolutionConfigurationPlatforms) = preSolution
		Debug|Any CPU = Debug|Any CPU
		Release|Any CPU = Release|Any CPU
	EndGlobalSection
	GlobalSection(ProjectConfigurationPlatforms) = postSolution
		{59C44ECF-633F-4670-BAD8-95F74DF0251B}.Debug|Any CPU.ActiveCfg = Debug|Any CPU
		{59C44ECF-633F-4670-BAD8-95F74DF0251B}.Debug|Any CPU.Build.0 = Debug|Any CPU
		{59C44ECF-633F-4670-BAD8-95F74DF0251B}.Release|Any CPU.ActiveCfg = Release|Any CPU
		{59C44ECF-633F-4670-BAD8-95F74DF0251B}.Release|Any CPU.Build.0 = Release|Any CPU
		{D926334E-6B62-4174-86CA-F613CFD5149D}.Debug|Any CPU.ActiveCfg = Debug|Any CPU
		{D926334E-6B62-4174-86CA-F613CFD5149D}.Debug|Any CPU.Build.0 = Debug|Any CPU
		{D926334E-6B62-4174-86CA-F613CFD5149D}.Release|Any CPU.ActiveCfg = Release|Any CPU
		{D926334E-6B62-4174-86CA-F613CFD5149D}.Release|Any CPU.Build.0 = Release|Any CPU
		{3AC57ABD-642A-4E66-88A2-F4658884EDF3}.Debug|Any CPU.ActiveCfg = Debug|Any CPU
		{3AC57ABD-642A-4E66-88A2-F4658884EDF3}.Debug|Any CPU.Build.0 = Debug|Any CPU
		{3AC57ABD-642A-4E66-88A2-F4658884EDF3}.Release|Any CPU.ActiveCfg = Release|Any CPU
		{3AC57ABD-642A-4E66-88A2-F4658884EDF3}.Release|Any CPU.Build.0 = Release|Any CPU
		{444351C2-10E6-407C-9CE3-2B432173EC48}.Debug|Any CPU.ActiveCfg = Debug|Any CPU
		{444351C2-10E6-407C-9CE3-2B432173EC48}.Debug|Any CPU.Build.0 = Debug|Any CPU
		{444351C2-10E6-407C-9CE3-2B432173EC48}.Release|Any CPU.ActiveCfg = Release|Any CPU
		{444351C2-10E6-407C-9CE3-2B432173EC48}.Release|Any CPU.Build.0 = Release|Any CPU
		{5C8E0CC7-60A2-4F2D-AFC9-8EBD6D2FB981}.Debug|Any CPU.ActiveCfg = Debug|Any CPU
		{5C8E0CC7-60A2-4F2D-AFC9-8EBD6D2FB981}.Debug|Any CPU.Build.0 = Debug|Any CPU
		{5C8E0CC7-60A2-4F2D-AFC9-8EBD6D2FB981}.Release|Any CPU.ActiveCfg = Release|Any CPU
		{5C8E0CC7-60A2-4F2D-AFC9-8EBD6D2FB981}.Release|Any CPU.Build.0 = Release|Any CPU
		{C367E6E3-7A85-436A-8906-B7BEE55257D5}.Debug|Any CPU.ActiveCfg = Debug|Any CPU
		{C367E6E3-7A85-436A-8906-B7BEE55257D5}.Debug|Any CPU.Build.0 = Debug|Any CPU
		{C367E6E3-7A85-436A-8906-B7BEE55257D5}.Release|Any CPU.ActiveCfg = Release|Any CPU
		{C367E6E3-7A85-436A-8906-B7BEE55257D5}.Release|Any CPU.Build.0 = Release|Any CPU
		{866BDB2B-4815-4657-9C8C-62F92343D55C}.Debug|Any CPU.ActiveCfg = Debug|Any CPU
		{866BDB2B-4815-4657-9C8C-62F92343D55C}.Debug|Any CPU.Build.0 = Debug|Any CPU
		{866BDB2B-4815-4657-9C8C-62F92343D55C}.Release|Any CPU.ActiveCfg = Release|Any CPU
		{866BDB2B-4815-4657-9C8C-62F92343D55C}.Release|Any CPU.Build.0 = Release|Any CPU
		{B028B778-6BF7-4CC4-AB56-5750E8542840}.Debug|Any CPU.ActiveCfg = Debug|Any CPU
		{B028B778-6BF7-4CC4-AB56-5750E8542840}.Debug|Any CPU.Build.0 = Debug|Any CPU
		{B028B778-6BF7-4CC4-AB56-5750E8542840}.Release|Any CPU.ActiveCfg = Release|Any CPU
		{B028B778-6BF7-4CC4-AB56-5750E8542840}.Release|Any CPU.Build.0 = Release|Any CPU
		{B9CAB1D4-13B9-4E88-9C84-466B78F31EDE}.Debug|Any CPU.ActiveCfg = Debug|Any CPU
		{B9CAB1D4-13B9-4E88-9C84-466B78F31EDE}.Debug|Any CPU.Build.0 = Debug|Any CPU
		{B9CAB1D4-13B9-4E88-9C84-466B78F31EDE}.Release|Any CPU.ActiveCfg = Release|Any CPU
		{B9CAB1D4-13B9-4E88-9C84-466B78F31EDE}.Release|Any CPU.Build.0 = Release|Any CPU
		{3956FFB1-0C10-4FEF-92CF-1D314966D257}.Debug|Any CPU.ActiveCfg = Debug|Any CPU
		{3956FFB1-0C10-4FEF-92CF-1D314966D257}.Debug|Any CPU.Build.0 = Debug|Any CPU
		{3956FFB1-0C10-4FEF-92CF-1D314966D257}.Release|Any CPU.ActiveCfg = Release|Any CPU
		{3956FFB1-0C10-4FEF-92CF-1D314966D257}.Release|Any CPU.Build.0 = Release|Any CPU
		{5B2E3EDD-BFB0-4F9A-BD2D-37CADBA73DD6}.Debug|Any CPU.ActiveCfg = Debug|Any CPU
		{5B2E3EDD-BFB0-4F9A-BD2D-37CADBA73DD6}.Debug|Any CPU.Build.0 = Debug|Any CPU
		{5B2E3EDD-BFB0-4F9A-BD2D-37CADBA73DD6}.Release|Any CPU.ActiveCfg = Release|Any CPU
		{5B2E3EDD-BFB0-4F9A-BD2D-37CADBA73DD6}.Release|Any CPU.Build.0 = Release|Any CPU
		{3E148318-ADBB-487E-839F-D124FBEADEFB}.Debug|Any CPU.ActiveCfg = Debug|Any CPU
		{3E148318-ADBB-487E-839F-D124FBEADEFB}.Debug|Any CPU.Build.0 = Debug|Any CPU
		{3E148318-ADBB-487E-839F-D124FBEADEFB}.Release|Any CPU.ActiveCfg = Release|Any CPU
		{3E148318-ADBB-487E-839F-D124FBEADEFB}.Release|Any CPU.Build.0 = Release|Any CPU
		{65BD06B5-2207-4213-B8F6-10B668261A05}.Debug|Any CPU.ActiveCfg = Debug|Any CPU
		{65BD06B5-2207-4213-B8F6-10B668261A05}.Debug|Any CPU.Build.0 = Debug|Any CPU
		{65BD06B5-2207-4213-B8F6-10B668261A05}.Release|Any CPU.ActiveCfg = Release|Any CPU
		{65BD06B5-2207-4213-B8F6-10B668261A05}.Release|Any CPU.Build.0 = Release|Any CPU
		{FF26B32E-0EF8-4DEC-A765-AAD8026BFAC2}.Debug|Any CPU.ActiveCfg = Debug|Any CPU
		{FF26B32E-0EF8-4DEC-A765-AAD8026BFAC2}.Debug|Any CPU.Build.0 = Debug|Any CPU
		{FF26B32E-0EF8-4DEC-A765-AAD8026BFAC2}.Release|Any CPU.ActiveCfg = Release|Any CPU
		{FF26B32E-0EF8-4DEC-A765-AAD8026BFAC2}.Release|Any CPU.Build.0 = Release|Any CPU
		{0539A162-1310-488D-A69D-BA051B950CDA}.Debug|Any CPU.ActiveCfg = Debug|Any CPU
		{0539A162-1310-488D-A69D-BA051B950CDA}.Debug|Any CPU.Build.0 = Debug|Any CPU
		{0539A162-1310-488D-A69D-BA051B950CDA}.Release|Any CPU.ActiveCfg = Release|Any CPU
		{0539A162-1310-488D-A69D-BA051B950CDA}.Release|Any CPU.Build.0 = Release|Any CPU
		{25615D96-C6B7-415C-8EDA-AFDB5AF2A2D9}.Debug|Any CPU.ActiveCfg = Debug|Any CPU
		{25615D96-C6B7-415C-8EDA-AFDB5AF2A2D9}.Debug|Any CPU.Build.0 = Debug|Any CPU
		{25615D96-C6B7-415C-8EDA-AFDB5AF2A2D9}.Release|Any CPU.ActiveCfg = Release|Any CPU
		{25615D96-C6B7-415C-8EDA-AFDB5AF2A2D9}.Release|Any CPU.Build.0 = Release|Any CPU
		{A448589F-C496-42E6-BEF0-01F5B5E51ED2}.Debug|Any CPU.ActiveCfg = Debug|Any CPU
		{A448589F-C496-42E6-BEF0-01F5B5E51ED2}.Debug|Any CPU.Build.0 = Debug|Any CPU
		{A448589F-C496-42E6-BEF0-01F5B5E51ED2}.Release|Any CPU.ActiveCfg = Release|Any CPU
		{A448589F-C496-42E6-BEF0-01F5B5E51ED2}.Release|Any CPU.Build.0 = Release|Any CPU
		{1116B33D-5466-4F57-BF1B-467EB60B65B5}.Debug|Any CPU.ActiveCfg = Debug|Any CPU
		{1116B33D-5466-4F57-BF1B-467EB60B65B5}.Debug|Any CPU.Build.0 = Debug|Any CPU
		{1116B33D-5466-4F57-BF1B-467EB60B65B5}.Release|Any CPU.ActiveCfg = Release|Any CPU
		{1116B33D-5466-4F57-BF1B-467EB60B65B5}.Release|Any CPU.Build.0 = Release|Any CPU
		{E38EA8FB-18E3-4673-B857-EBEC89B23D66}.Debug|Any CPU.ActiveCfg = Debug|Any CPU
		{E38EA8FB-18E3-4673-B857-EBEC89B23D66}.Debug|Any CPU.Build.0 = Debug|Any CPU
		{E38EA8FB-18E3-4673-B857-EBEC89B23D66}.Release|Any CPU.ActiveCfg = Release|Any CPU
		{E38EA8FB-18E3-4673-B857-EBEC89B23D66}.Release|Any CPU.Build.0 = Release|Any CPU
		{7236271F-E3B5-4D39-9FEB-0A5C382206D7}.Debug|Any CPU.ActiveCfg = Debug|Any CPU
		{7236271F-E3B5-4D39-9FEB-0A5C382206D7}.Debug|Any CPU.Build.0 = Debug|Any CPU
		{7236271F-E3B5-4D39-9FEB-0A5C382206D7}.Release|Any CPU.ActiveCfg = Release|Any CPU
		{7236271F-E3B5-4D39-9FEB-0A5C382206D7}.Release|Any CPU.Build.0 = Release|Any CPU
		{8C68DD1A-A842-4C3D-8E25-7136A89A9E52}.Debug|Any CPU.ActiveCfg = Debug|Any CPU
		{8C68DD1A-A842-4C3D-8E25-7136A89A9E52}.Debug|Any CPU.Build.0 = Debug|Any CPU
		{8C68DD1A-A842-4C3D-8E25-7136A89A9E52}.Release|Any CPU.ActiveCfg = Release|Any CPU
		{8C68DD1A-A842-4C3D-8E25-7136A89A9E52}.Release|Any CPU.Build.0 = Release|Any CPU
		{6C338EEA-AEEC-4BA5-A5C8-C5DBF993E68F}.Debug|Any CPU.ActiveCfg = Debug|Any CPU
		{6C338EEA-AEEC-4BA5-A5C8-C5DBF993E68F}.Debug|Any CPU.Build.0 = Debug|Any CPU
		{6C338EEA-AEEC-4BA5-A5C8-C5DBF993E68F}.Release|Any CPU.ActiveCfg = Release|Any CPU
		{6C338EEA-AEEC-4BA5-A5C8-C5DBF993E68F}.Release|Any CPU.Build.0 = Release|Any CPU
		{22C872C0-DE77-4DFB-8B91-D36101D63522}.Debug|Any CPU.ActiveCfg = Debug|Any CPU
		{22C872C0-DE77-4DFB-8B91-D36101D63522}.Debug|Any CPU.Build.0 = Debug|Any CPU
		{22C872C0-DE77-4DFB-8B91-D36101D63522}.Release|Any CPU.ActiveCfg = Release|Any CPU
		{22C872C0-DE77-4DFB-8B91-D36101D63522}.Release|Any CPU.Build.0 = Release|Any CPU
		{834A2649-680C-448E-A19A-BDB35AE0775E}.Debug|Any CPU.ActiveCfg = Debug|Any CPU
		{834A2649-680C-448E-A19A-BDB35AE0775E}.Debug|Any CPU.Build.0 = Debug|Any CPU
		{834A2649-680C-448E-A19A-BDB35AE0775E}.Release|Any CPU.ActiveCfg = Release|Any CPU
		{834A2649-680C-448E-A19A-BDB35AE0775E}.Release|Any CPU.Build.0 = Release|Any CPU
		{3821326D-B018-4B34-8DA7-02299F68284D}.Debug|Any CPU.ActiveCfg = Debug|Any CPU
		{3821326D-B018-4B34-8DA7-02299F68284D}.Debug|Any CPU.Build.0 = Debug|Any CPU
		{3821326D-B018-4B34-8DA7-02299F68284D}.Release|Any CPU.ActiveCfg = Release|Any CPU
		{3821326D-B018-4B34-8DA7-02299F68284D}.Release|Any CPU.Build.0 = Release|Any CPU
		{007562C6-F58B-4FD9-A93F-577EDE5A93DF}.Debug|Any CPU.ActiveCfg = Debug|Any CPU
		{007562C6-F58B-4FD9-A93F-577EDE5A93DF}.Debug|Any CPU.Build.0 = Debug|Any CPU
		{007562C6-F58B-4FD9-A93F-577EDE5A93DF}.Release|Any CPU.ActiveCfg = Release|Any CPU
		{007562C6-F58B-4FD9-A93F-577EDE5A93DF}.Release|Any CPU.Build.0 = Release|Any CPU
		{C912E1AC-B233-4219-AAAC-3C3BC8E2B28E}.Debug|Any CPU.ActiveCfg = Debug|Any CPU
		{C912E1AC-B233-4219-AAAC-3C3BC8E2B28E}.Debug|Any CPU.Build.0 = Debug|Any CPU
		{C912E1AC-B233-4219-AAAC-3C3BC8E2B28E}.Release|Any CPU.ActiveCfg = Release|Any CPU
		{C912E1AC-B233-4219-AAAC-3C3BC8E2B28E}.Release|Any CPU.Build.0 = Release|Any CPU
	EndGlobalSection
	GlobalSection(SolutionProperties) = preSolution
		HideSolutionNode = FALSE
	EndGlobalSection
EndGlobal
